
Microsoft Visual Studio Solution File, Format Version 12.00
# Visual Studio Version 16
VisualStudioVersion = 16.0.31729.503
MinimumVisualStudioVersion = 10.0.40219.1
Project("{FAE04EC0-301F-11D3-BF4B-00C04F79EFBC}") = "homtel_Project", "homtel_Project\homtel_Project.csproj", "{F79EE017-AEFE-441E-9545-5E41F4C68922}"
EndProject
Global
	GlobalSection(SolutionConfigurationPlatforms) = preSolution
		Debug|Any CPU = Debug|Any CPU
		Release|Any CPU = Release|Any CPU
	EndGlobalSection
	GlobalSection(ProjectConfigurationPlatforms) = postSolution
		{F79EE017-AEFE-441E-9545-5E41F4C68922}.Debug|Any CPU.ActiveCfg = Debug|Any CPU
		{F79EE017-AEFE-441E-9545-5E41F4C68922}.Debug|Any CPU.Build.0 = Debug|Any CPU
		{F79EE017-AEFE-441E-9545-5E41F4C68922}.Release|Any CPU.ActiveCfg = Release|Any CPU
		{F79EE017-AEFE-441E-9545-5E41F4C68922}.Release|Any CPU.Build.0 = Release|Any CPU
	EndGlobalSection
	GlobalSection(SolutionProperties) = preSolution
		HideSolutionNode = FALSE
	EndGlobalSection
	GlobalSection(ExtensibilityGlobals) = postSolution
		SolutionGuid = {003A316A-A9FB-4031-A237-D5D7C07A03C7}
	EndGlobalSection
EndGlobal
